
Microsoft Visual Studio Solution File, Format Version 12.00
# Visual Studio Version 17
VisualStudioVersion = 17.3.32901.215
MinimumVisualStudioVersion = 10.0.40219.1
Project("{FAE04EC0-301F-11D3-BF4B-00C04F79EFBC}") = "Snake_CS", "Snake_CS\Snake_CS.csproj", "{C91C1AFB-F809-47A9-8821-C6678C6308BC}"
EndProject
Global
	GlobalSection(SolutionConfigurationPlatforms) = preSolution
		Debug|Any CPU = Debug|Any CPU
		Release|Any CPU = Release|Any CPU
	EndGlobalSection
	GlobalSection(ProjectConfigurationPlatforms) = postSolution
		{C91C1AFB-F809-47A9-8821-C6678C6308BC}.Debug|Any CPU.ActiveCfg = Debug|Any CPU
		{C91C1AFB-F809-47A9-8821-C6678C6308BC}.Debug|Any CPU.Build.0 = Debug|Any CPU
		{C91C1AFB-F809-47A9-8821-C6678C6308BC}.Release|Any CPU.ActiveCfg = Release|Any CPU
		{C91C1AFB-F809-47A9-8821-C6678C6308BC}.Release|Any CPU.Build.0 = Release|Any CPU
	EndGlobalSection
	GlobalSection(SolutionProperties) = preSolution
		HideSolutionNode = FALSE
	EndGlobalSection
	GlobalSection(ExtensibilityGlobals) = postSolution
		SolutionGuid = {53583526-AFE2-4DDB-909F-4A84BFE9264C}
	EndGlobalSection
EndGlobal
